{
  "name": "write-image",
  "version": "0.0.2",
  "lockfileVersion": 2,
  "requires": true,
  "packages": {
    "": {
      "name": "write-image",
      "version": "0.0.2",
      "license": "CC0-1.0",
      "dependencies": {
        "jpeg-js": "^0.4.3",
        "pngjs": "^6.0.0",
        "to-image-data": "^0.0.1"
      },
      "devDependencies": {
        "find-and-read": "^1.0.0",
        "flug": "^2.1.0",
        "readim": "^0.0.2",
        "xdim": "^1.2.1"
      }
    },
    "node_modules/find-and-read": {
      "version": "1.0.0",
      "resolved": "https://registry.npmjs.org/find-and-read/-/find-and-read-1.0.0.tgz",
      "integrity": "sha512-zpqeWQyVP5/maGhIod9UnUInIAV2PDxKNiOxzjv8py0TZEBw1NlxcfpXlCSjDg44JGgCWDdvDiLm/iNOPKC9gw==",
      "dev": true
    },
    "node_modules/flug": {
      "version": "2.1.0",
      "resolved": "https://registry.npmjs.org/flug/-/flug-2.1.0.tgz",
      "integrity": "sha512-2cYLCvJpeScx5/5xN/nGiJR2i7ZzN+1ipk/YoreQQGDgHkD1Do8F8/1eyzaUSwNsOB551FNWDQpWZWOKTy1nyQ==",
      "dev": true
    },
    "node_modules/get-byte": {
      "version": "0.0.0",
      "resolved": "https://registry.npmjs.org/get-byte/-/get-byte-0.0.0.tgz",
      "integrity": "sha512-dFdDPbQR4zCgSxsmMEjVrLHtvSdTVqb2JUfcZ8KYhXUQD8eiE7uTgeHzse5K479Kd8IIRt6503+2gmQhahvJyg==",
      "dev": true
    },
    "node_modules/get-depth": {
      "version": "0.0.1",
      "resolved": "https://registry.npmjs.org/get-depth/-/get-depth-0.0.1.tgz",
      "integrity": "sha512-ZG/5ttq43msdRmcNkuLlsSolitafTHo/wSTIUTjUnliXYAOHwEJz46xMQ4yFAw/+4ZiIUrBl8Ig64zFcc56cHw=="
    },
    "node_modules/guess-image-layout": {
      "version": "0.0.2",
      "resolved": "https://registry.npmjs.org/guess-image-layout/-/guess-image-layout-0.0.2.tgz",
      "integrity": "sha512-w1SWprV5KRZFQT1hvw8YhJR0lhgC8bVoIUCrsuxGyNaibCezRLXpeKSSPqELYWKkVKDZE782OkOL+N71HXagDw==",
      "dependencies": {
        "get-depth": "^0.0.1"
      }
    },
    "node_modules/jpeg-js": {
      "version": "0.4.3",
      "resolved": "https://registry.npmjs.org/jpeg-js/-/jpeg-js-0.4.3.tgz",
      "integrity": "sha512-ru1HWKek8octvUHFHvE5ZzQ1yAsJmIvRdGWvSoKV52XKyuyYA437QWDttXT8eZXDSbuMpHlLzPDZUPd6idIz+Q=="
    },
    "node_modules/pngjs": {
      "version": "6.0.0",
      "resolved": "https://registry.npmjs.org/pngjs/-/pngjs-6.0.0.tgz",
      "integrity": "sha512-TRzzuFRRmEoSW/p1KVAmiOgPco2Irlah+bGFCeNfJXxxYGwSw7YwAOAcd7X28K/m5bjBWKsC29KyoMfHbypayg==",
      "engines": {
        "node": ">=12.13.0"
      }
    },
    "node_modules/read-jpg": {
      "version": "0.0.2",
      "resolved": "https://registry.npmjs.org/read-jpg/-/read-jpg-0.0.2.tgz",
      "integrity": "sha512-epb/BC8aDw7tKzpRAXijHA2IWvY4ATswaoAwlpg0LXKhyPob2QmcMbqfQqayM8fLzB/NShc57KNZd9hJtHk2QQ==",
      "dev": true,
      "dependencies": {
        "jpeg-js": "^0.4.2",
        "read-pixels": "^0.2.1",
        "toab": "^2.2.0"
      }
    },
    "node_modules/read-pixels": {
      "version": "0.2.2",
      "resolved": "https://registry.npmjs.org/read-pixels/-/read-pixels-0.2.2.tgz",
      "integrity": "sha512-96XtnEqfxJY3Y+nc6EPwQR9fBMgz1MerMLkNxRg7xx125beNTosLiCC5rTh3kfa01lM6LGGsgyK7i7A2FuauBA==",
      "dev": true
    },
    "node_modules/read-png": {
      "version": "0.0.1",
      "resolved": "https://registry.npmjs.org/read-png/-/read-png-0.0.1.tgz",
      "integrity": "sha512-drSovPN9mxxcqg6+44fyV0LKh94gUQCz6V2k7Pua7uKJ0JMR9ZQX5xZA2RRp/WwpHC9zjAwVHcYSFrlSbZzNiA==",
      "dev": true,
      "dependencies": {
        "pngjs": "^6.0.0",
        "read-pixels": "^0.2.1",
        "toab": "^2.2.0"
      }
    },
    "node_modules/readim": {
      "version": "0.0.2",
      "resolved": "https://registry.npmjs.org/readim/-/readim-0.0.2.tgz",
      "integrity": "sha512-UG6pMo6I1WrbSbmz8mNqeVAs8xwLy6dfCuaeFBJhlJsWcVdxnboL6W0KLBZR0/5DMAFKK4KjKy927t/LgGubOA==",
      "dev": true,
      "dependencies": {
        "get-byte": "*",
        "read-jpg": "^0.0.2",
        "read-png": "^0.0.1"
      }
    },
    "node_modules/to-image-data": {
      "version": "0.0.1",
      "resolved": "https://registry.npmjs.org/to-image-data/-/to-image-data-0.0.1.tgz",
      "integrity": "sha512-llYDyb9MGT4gJHzEi77oMasH3MpENPZ5Y4YyzdK1bFlvGnPzdP19IM1tpDnmkHW14fHTNLofpK/VWNJvwCDOpw==",
      "dependencies": {
        "guess-image-layout": "^0.0.2",
        "xdim": "^1.2.1"
      }
    },
    "node_modules/toab": {
      "version": "2.2.0",
      "resolved": "https://registry.npmjs.org/toab/-/toab-2.2.0.tgz",
      "integrity": "sha512-tafrUhyhmPwljEG0zlNdWzhQGZLC5C41ix20FPMfZOSmd569H84X4CP34Iz3lp9icKP4rsQjZRkBZ1iW0tcZtQ==",
      "dev": true
    },
    "node_modules/xdim": {
      "version": "1.2.1",
      "resolved": "https://registry.npmjs.org/xdim/-/xdim-1.2.1.tgz",
      "integrity": "sha512-5bpcvNc5u/A4M6jpVRQdobNxRz+gNk6yfdEhYgeDlwZI+4lDHLv+d+baDAVTY1YS2qHmo8Fyzd4A6+T0AbgqEA=="
    }
  },
  "dependencies": {
    "find-and-read": {
      "version": "1.0.0",
      "resolved": "https://registry.npmjs.org/find-and-read/-/find-and-read-1.0.0.tgz",
      "integrity": "sha512-zpqeWQyVP5/maGhIod9UnUInIAV2PDxKNiOxzjv8py0TZEBw1NlxcfpXlCSjDg44JGgCWDdvDiLm/iNOPKC9gw==",
      "dev": true
    },
    "flug": {
      "version": "2.1.0",
      "resolved": "https://registry.npmjs.org/flug/-/flug-2.1.0.tgz",
      "integrity": "sha512-2cYLCvJpeScx5/5xN/nGiJR2i7ZzN+1ipk/YoreQQGDgHkD1Do8F8/1eyzaUSwNsOB551FNWDQpWZWOKTy1nyQ==",
      "dev": true
    },
    "get-byte": {
      "version": "0.0.0",
      "resolved": "https://registry.npmjs.org/get-byte/-/get-byte-0.0.0.tgz",
      "integrity": "sha512-dFdDPbQR4zCgSxsmMEjVrLHtvSdTVqb2JUfcZ8KYhXUQD8eiE7uTgeHzse5K479Kd8IIRt6503+2gmQhahvJyg==",
      "dev": true
    },
    "get-depth": {
      "version": "0.0.1",
      "resolved": "https://registry.npmjs.org/get-depth/-/get-depth-0.0.1.tgz",
      "integrity": "sha512-ZG/5ttq43msdRmcNkuLlsSolitafTHo/wSTIUTjUnliXYAOHwEJz46xMQ4yFAw/+4ZiIUrBl8Ig64zFcc56cHw=="
    },
    "guess-image-layout": {
      "version": "0.0.2",
      "resolved": "https://registry.npmjs.org/guess-image-layout/-/guess-image-layout-0.0.2.tgz",
      "integrity": "sha512-w1SWprV5KRZFQT1hvw8YhJR0lhgC8bVoIUCrsuxGyNaibCezRLXpeKSSPqELYWKkVKDZE782OkOL+N71HXagDw==",
      "requires": {
        "get-depth": "^0.0.1"
      }
    },
    "jpeg-js": {
      "version": "0.4.3",
      "resolved": "https://registry.npmjs.org/jpeg-js/-/jpeg-js-0.4.3.tgz",
      "integrity": "sha512-ru1HWKek8octvUHFHvE5ZzQ1yAsJmIvRdGWvSoKV52XKyuyYA437QWDttXT8eZXDSbuMpHlLzPDZUPd6idIz+Q=="
    },
    "pngjs": {
      "version": "6.0.0",
      "resolved": "https://registry.npmjs.org/pngjs/-/pngjs-6.0.0.tgz",
      "integrity": "sha512-TRzzuFRRmEoSW/p1KVAmiOgPco2Irlah+bGFCeNfJXxxYGwSw7YwAOAcd7X28K/m5bjBWKsC29KyoMfHbypayg=="
    },
    "read-jpg": {
      "version": "0.0.2",
      "resolved": "https://registry.npmjs.org/read-jpg/-/read-jpg-0.0.2.tgz",
      "integrity": "sha512-epb/BC8aDw7tKzpRAXijHA2IWvY4ATswaoAwlpg0LXKhyPob2QmcMbqfQqayM8fLzB/NShc57KNZd9hJtHk2QQ==",
      "dev": true,
      "requires": {
        "jpeg-js": "^0.4.2",
        "read-pixels": "^0.2.1",
        "toab": "^2.2.0"
      }
    },
    "read-pixels": {
      "version": "0.2.2",
      "resolved": "https://registry.npmjs.org/read-pixels/-/read-pixels-0.2.2.tgz",
      "integrity": "sha512-96XtnEqfxJY3Y+nc6EPwQR9fBMgz1MerMLkNxRg7xx125beNTosLiCC5rTh3kfa01lM6LGGsgyK7i7A2FuauBA==",
      "dev": true
    },
    "read-png": {
      "version": "0.0.1",
      "resolved": "https://registry.npmjs.org/read-png/-/read-png-0.0.1.tgz",
      "integrity": "sha512-drSovPN9mxxcqg6+44fyV0LKh94gUQCz6V2k7Pua7uKJ0JMR9ZQX5xZA2RRp/WwpHC9zjAwVHcYSFrlSbZzNiA==",
      "dev": true,
      "requires": {
        "pngjs": "^6.0.0",
        "read-pixels": "^0.2.1",
        "toab": "^2.2.0"
      }
    },
    "readim": {
      "version": "0.0.2",
      "resolved": "https://registry.npmjs.org/readim/-/readim-0.0.2.tgz",
      "integrity": "sha512-UG6pMo6I1WrbSbmz8mNqeVAs8xwLy6dfCuaeFBJhlJsWcVdxnboL6W0KLBZR0/5DMAFKK4KjKy927t/LgGubOA==",
      "dev": true,
      "requires": {
        "get-byte": "*",
        "read-jpg": "^0.0.2",
        "read-png": "^0.0.1"
      }
    },
    "to-image-data": {
      "version": "0.0.1",
      "resolved": "https://registry.npmjs.org/to-image-data/-/to-image-data-0.0.1.tgz",
      "integrity": "sha512-llYDyb9MGT4gJHzEi77oMasH3MpENPZ5Y4YyzdK1bFlvGnPzdP19IM1tpDnmkHW14fHTNLofpK/VWNJvwCDOpw==",
      "requires": {
        "guess-image-layout": "^0.0.2",
        "xdim": "^1.2.1"
      }
    },
    "toab": {
      "version": "2.2.0",
      "resolved": "https://registry.npmjs.org/toab/-/toab-2.2.0.tgz",
      "integrity": "sha512-tafrUhyhmPwljEG0zlNdWzhQGZLC5C41ix20FPMfZOSmd569H84X4CP34Iz3lp9icKP4rsQjZRkBZ1iW0tcZtQ==",
      "dev": true
    },
    "xdim": {
      "version": "1.2.1",
      "resolved": "https://registry.npmjs.org/xdim/-/xdim-1.2.1.tgz",
      "integrity": "sha512-5bpcvNc5u/A4M6jpVRQdobNxRz+gNk6yfdEhYgeDlwZI+4lDHLv+d+baDAVTY1YS2qHmo8Fyzd4A6+T0AbgqEA=="
    }
  }
}
